// !$*UTF8*$!
{
	archiveVersion = 1;
	classes = {
	};
	objectVersion = 55;
	objects = {

/* Begin PBXBuildFile section */
		1E30196B2716BBD600F7A946 /* AppDelegate.swift in Sources */ = {isa = PBXBuildFile; fileRef = 1E30196A2716BBD600F7A946 /* AppDelegate.swift */; };
		1E30196D2716BBD600F7A946 /* SceneDelegate.swift in Sources */ = {isa = PBXBuildFile; fileRef = 1E30196C2716BBD600F7A946 /* SceneDelegate.swift */; };
		1E30196F2716BBD600F7A946 /* ToDoViewController.swift in Sources */ = {isa = PBXBuildFile; fileRef = 1E30196E2716BBD600F7A946 /* ToDoViewController.swift */; };
		1E3019722716BBD600F7A946 /* Main.storyboard in Resources */ = {isa = PBXBuildFile; fileRef = 1E3019702716BBD600F7A946 /* Main.storyboard */; };
		1E3019742716BBDE00F7A946 /* Assets.xcassets in Resources */ = {isa = PBXBuildFile; fileRef = 1E3019732716BBDE00F7A946 /* Assets.xcassets */; };
		1E3019772716BBDE00F7A946 /* LaunchScreen.storyboard in Resources */ = {isa = PBXBuildFile; fileRef = 1E3019752716BBDE00F7A946 /* LaunchScreen.storyboard */; };
		1E3019812716BF9D00F7A946 /* ToDoTableViewCell.swift in Sources */ = {isa = PBXBuildFile; fileRef = 1E3019802716BF9D00F7A946 /* ToDoTableViewCell.swift */; };
		1E3019A42719C0AA00F7A946 /* FolderCollectionViewController.swift in Sources */ = {isa = PBXBuildFile; fileRef = 1E3019A32719C0A800F7A946 /* FolderCollectionViewController.swift */; };
		1E3019A62719C15600F7A946 /* Data.swift in Sources */ = {isa = PBXBuildFile; fileRef = 1E3019A52719C15600F7A946 /* Data.swift */; };
		1E3019A82719C7B100F7A946 /* FolderCollectionViewCell.swift in Sources */ = {isa = PBXBuildFile; fileRef = 1E3019A72719C7B100F7A946 /* FolderCollectionViewCell.swift */; };
/* End PBXBuildFile section */

/* Begin PBXFileReference section */
		1E3019672716BBD600F7A946 /* ToDo App Atheer Alzahrani.app */ = {isa = PBXFileReference; explicitFileType = wrapper.application; includeInIndex = 0; path = "ToDo App Atheer Alzahrani.app"; sourceTree = BUILT_PRODUCTS_DIR; };
		1E30196A2716BBD600F7A946 /* AppDelegate.swift */ = {isa = PBXFileReference; lastKnownFileType = sourcecode.swift; path = AppDelegate.swift; sourceTree = "<group>"; };
		1E30196C2716BBD600F7A946 /* SceneDelegate.swift */ = {isa = PBXFileReference; lastKnownFileType = sourcecode.swift; path = SceneDelegate.swift; sourceTree = "<group>"; };
		1E30196E2716BBD600F7A946 /* ToDoViewController.swift */ = {isa = PBXFileReference; lastKnownFileType = sourcecode.swift; path = ToDoViewController.swift; sourceTree = "<group>"; };
		1E3019712716BBD600F7A946 /* Base */ = {isa = PBXFileReference; lastKnownFileType = file.storyboard; name = Base; path = Base.lproj/Main.storyboard; sourceTree = "<group>"; };
		1E3019732716BBDE00F7A946 /* Assets.xcassets */ = {isa = PBXFileReference; lastKnownFileType = folder.assetcatalog; path = Assets.xcassets; sourceTree = "<group>"; };
		1E3019762716BBDE00F7A946 /* Base */ = {isa = PBXFileReference; lastKnownFileType = file.storyboard; name = Base; path = Base.lproj/LaunchScreen.storyboard; sourceTree = "<group>"; };
		1E3019782716BBDE00F7A946 /* Info.plist */ = {isa = PBXFileReference; lastKnownFileType = text.plist.xml; path = Info.plist; sourceTree = "<group>"; };
		1E3019802716BF9D00F7A946 /* ToDoTableViewCell.swift */ = {isa = PBXFileReference; lastKnownFileType = sourcecode.swift; path = ToDoTableViewCell.swift; sourceTree = "<group>"; };
		1E3019A32719C0A800F7A946 /* FolderCollectionViewController.swift */ = {isa = PBXFileReference; lastKnownFileType = sourcecode.swift; path = FolderCollectionViewController.swift; sourceTree = "<group>"; };
		1E3019A52719C15600F7A946 /* Data.swift */ = {isa = PBXFileReference; lastKnownFileType = sourcecode.swift; path = Data.swift; sourceTree = "<group>"; };
		1E3019A72719C7B100F7A946 /* FolderCollectionViewCell.swift */ = {isa = PBXFileReference; lastKnownFileType = sourcecode.swift; path = FolderCollectionViewCell.swift; sourceTree = "<group>"; };
/* End PBXFileReference section */

/* Begin PBXFrameworksBuildPhase section */
		1E3019642716BBD600F7A946 /* Frameworks */ = {
			isa = PBXFrameworksBuildPhase;
			buildActionMask = 2147483647;
			files = (
			);
			runOnlyForDeploymentPostprocessing = 0;
		};
/* End PBXFrameworksBuildPhase section */

/* Begin PBXGroup section */
		1E30195E2716BBD600F7A946 = {
			isa = PBXGroup;
			children = (
				1E3019692716BBD600F7A946 /* ToDo App Atheer Alzahrani */,
				1E3019682716BBD600F7A946 /* Products */,
			);
			sourceTree = "<group>";
		};
		1E3019682716BBD600F7A946 /* Products */ = {
			isa = PBXGroup;
			children = (
				1E3019672716BBD600F7A946 /* ToDo App Atheer Alzahrani.app */,
			);
			name = Products;
			sourceTree = "<group>";
		};
		1E3019692716BBD600F7A946 /* ToDo App Atheer Alzahrani */ = {
			isa = PBXGroup;
			children = (
				1E3019AC271B1A0100F7A946 /* Model */,
				1E3019AB271B19D500F7A946 /* Controller */,
				1E3019A9271B19A200F7A946 /* View */,
				1E3019702716BBD600F7A946 /* Main.storyboard */,
				1E3019732716BBDE00F7A946 /* Assets.xcassets */,
				1E3019752716BBDE00F7A946 /* LaunchScreen.storyboard */,
				1E3019782716BBDE00F7A946 /* Info.plist */,
			);
			path = "ToDo App Atheer Alzahrani";
			sourceTree = "<group>";
		};
		1E3019822718245E00F7A946 /* Task List Tables */ = {
			isa = PBXGroup;
			children = (
				1E30196E2716BBD600F7A946 /* ToDoViewController.swift */,
				1E3019802716BF9D00F7A946 /* ToDoTableViewCell.swift */,
			);
			path = "Task List Tables";
			sourceTree = "<group>";
		};
		1E3019A9271B19A200F7A946 /* View */ = {
			isa = PBXGroup;
			children = (
				1E30196A2716BBD600F7A946 /* AppDelegate.swift */,
				1E30196C2716BBD600F7A946 /* SceneDelegate.swift */,
			);
			path = View;
			sourceTree = "<group>";
		};
		1E3019AA271B19C100F7A946 /* Folder Collection View */ = {
			isa = PBXGroup;
			children = (
				1E3019A32719C0A800F7A946 /* FolderCollectionViewController.swift */,
				1E3019A72719C7B100F7A946 /* FolderCollectionViewCell.swift */,
			);
			path = "Folder Collection View";
			sourceTree = "<group>";
		};
		1E3019AB271B19D500F7A946 /* Controller */ = {
			isa = PBXGroup;
			children = (
				1E3019822718245E00F7A946 /* Task List Tables */,
				1E3019AA271B19C100F7A946 /* Folder Collection View */,
			);
			path = Controller;
			sourceTree = "<group>";
		};
		1E3019AC271B1A0100F7A946 /* Model */ = {
			isa = PBXGroup;
			children = (
				1E3019A52719C15600F7A946 /* Data.swift */,
			);
			path = Model;
			sourceTree = "<group>";
		};
/* End PBXGroup section */

/* Begin PBXNativeTarget section */
		1E3019662716BBD600F7A946 /* ToDo App Atheer Alzahrani */ = {
			isa = PBXNativeTarget;
			buildConfigurationList = 1E30197B2716BBDE00F7A946 /* Build configuration list for PBXNativeTarget "ToDo App Atheer Alzahrani" */;
			buildPhases = (
				1E3019632716BBD600F7A946 /* Sources */,
				1E3019642716BBD600F7A946 /* Frameworks */,
				1E3019652716BBD600F7A946 /* Resources */,
			);
			buildRules = (
			);
			dependencies = (
			);
			name = "ToDo App Atheer Alzahrani";
			productName = "ToDo App Atheer Alzahrani";
			productReference = 1E3019672716BBD600F7A946 /* ToDo App Atheer Alzahrani.app */;
			productType = "com.apple.product-type.application";
		};
/* End PBXNativeTarget section */

/* Begin PBXProject section */
		1E30195F2716BBD600F7A946 /* Project object */ = {
			isa = PBXProject;
			attributes = {
				BuildIndependentTargetsInParallel = 1;
				LastSwiftUpdateCheck = 1300;
				LastUpgradeCheck = 1300;
				TargetAttributes = {
					1E3019662716BBD600F7A946 = {
						CreatedOnToolsVersion = 13.0;
					};
				};
			};
			buildConfigurationList = 1E3019622716BBD600F7A946 /* Build configuration list for PBXProject "ToDo App Atheer Alzahrani" */;
			compatibilityVersion = "Xcode 13.0";
			developmentRegion = en;
			hasScannedForEncodings = 0;
			knownRegions = (
				en,
				Base,
			);
			mainGroup = 1E30195E2716BBD600F7A946;
			productRefGroup = 1E3019682716BBD600F7A946 /* Products */;
			projectDirPath = "";
			projectRoot = "";
			targets = (
				1E3019662716BBD600F7A946 /* ToDo App Atheer Alzahrani */,
			);
		};
/* End PBXProject section */

/* Begin PBXResourcesBuildPhase section */
		1E3019652716BBD600F7A946 /* Resources */ = {
			isa = PBXResourcesBuildPhase;
			buildActionMask = 2147483647;
			files = (
				1E3019772716BBDE00F7A946 /* LaunchScreen.storyboard in Resources */,
				1E3019742716BBDE00F7A946 /* Assets.xcassets in Resources */,
				1E3019722716BBD600F7A946 /* Main.storyboard in Resources */,
			);
			runOnlyForDeploymentPostprocessing = 0;
		};
/* End PBXResourcesBuildPhase section */

/* Begin PBXSourcesBuildPhase section */
		1E3019632716BBD600F7A946 /* Sources */ = {
			isa = PBXSourcesBuildPhase;
			buildActionMask = 2147483647;
			files = (
				1E30196F2716BBD600F7A946 /* ToDoViewController.swift in Sources */,
				1E3019A62719C15600F7A946 /* Data.swift in Sources */,
				1E30196B2716BBD600F7A946 /* AppDelegate.swift in Sources */,
				1E3019A82719C7B100F7A946 /* FolderCollectionViewCell.swift in Sources */,
				1E3019A42719C0AA00F7A946 /* FolderCollectionViewController.swift in Sources */,
				1E30196D2716BBD600F7A946 /* SceneDelegate.swift in Sources */,
				1E3019812716BF9D00F7A946 /* ToDoTableViewCell.swift in Sources */,
			);
			runOnlyForDeploymentPostprocessing = 0;
		};
/* End PBXSourcesBuildPhase section */

/* Begin PBXVariantGroup section */
		1E3019702716BBD600F7A946 /* Main.storyboard */ = {
			isa = PBXVariantGroup;
			children = (
				1E3019712716BBD600F7A946 /* Base */,
			);
			name = Main.storyboard;
			sourceTree = "<group>";
		};
		1E3019752716BBDE00F7A946 /* LaunchScreen.storyboard */ = {
			isa = PBXVariantGroup;
			children = (
				1E3019762716BBDE00F7A946 /* Base */,
			);
			name = LaunchScreen.storyboard;
			sourceTree = "<group>";
		};
/* End PBXVariantGroup section */

/* Begin XCBuildConfiguration section */
		1E3019792716BBDE00F7A946 /* Debug */ = {
			isa = XCBuildConfiguration;
			buildSettings = {
				ALWAYS_SEARCH_USER_PATHS = NO;
				CLANG_ANALYZER_NONNULL = YES;
				CLANG_ANALYZER_NUMBER_OBJECT_CONVERSION = YES_AGGRESSIVE;
				CLANG_CXX_LANGUAGE_STANDARD = "gnu++17";
				CLANG_CXX_LIBRARY = "libc++";
				CLANG_ENABLE_MODULES = YES;
				CLANG_ENABLE_OBJC_ARC = YES;
				CLANG_ENABLE_OBJC_WEAK = YES;
				CLANG_WARN_BLOCK_CAPTURE_AUTORELEASING = YES;
				CLANG_WARN_BOOL_CONVERSION = YES;
				CLANG_WARN_COMMA = YES;
				CLANG_WARN_CONSTANT_CONVERSION = YES;
				CLANG_WARN_DEPRECATED_OBJC_IMPLEMENTATIONS = YES;
				CLANG_WARN_DIRECT_OBJC_ISA_USAGE = YES_ERROR;
				CLANG_WARN_DOCUMENTATION_COMMENTS = YES;
				CLANG_WARN_EMPTY_BODY = YES;
				CLANG_WARN_ENUM_CONVERSION = YES;
				CLANG_WARN_INFINITE_RECURSION = YES;
				CLANG_WARN_INT_CONVERSION = YES;
				CLANG_WARN_NON_LITERAL_NULL_CONVERSION = YES;
				CLANG_WARN_OBJC_IMPLICIT_RETAIN_SELF = YES;
				CLANG_WARN_OBJC_LITERAL_CONVERSION = YES;
				CLANG_WARN_OBJC_ROOT_CLASS = YES_ERROR;
				CLANG_WARN_QUOTED_INCLUDE_IN_FRAMEWORK_HEADER = YES;
				CLANG_WARN_RANGE_LOOP_ANALYSIS = YES;
				CLANG_WARN_STRICT_PROTOTYPES = YES;
				CLANG_WARN_SUSPICIOUS_MOVE = YES;
				CLANG_WARN_UNGUARDED_AVAILABILITY = YES_AGGRESSIVE;
				CLANG_WARN_UNREACHABLE_CODE = YES;
				CLANG_WARN__DUPLICATE_METHOD_MATCH = YES;
				COPY_PHASE_STRIP = NO;
				DEBUG_INFORMATION_FORMAT = dwarf;
				ENABLE_STRICT_OBJC_MSGSEND = YES;
				ENABLE_TESTABILITY = YES;
				GCC_C_LANGUAGE_STANDARD = gnu11;
				GCC_DYNAMIC_NO_PIC = NO;
				GCC_NO_COMMON_BLOCKS = YES;
				GCC_OPTIMIZATION_LEVEL = 0;
				GCC_PREPROCESSOR_DEFINITIONS = (
					"DEBUG=1",
					"$(inherited)",
				);
				GCC_WARN_64_TO_32_BIT_CONVERSION = YES;
				GCC_WARN_ABOUT_RETURN_TYPE = YES_ERROR;
				GCC_WARN_UNDECLARED_SELECTOR = YES;
				GCC_WARN_UNINITIALIZED_AUTOS = YES_AGGRESSIVE;
				GCC_WARN_UNUSED_FUNCTION = YES;
				GCC_WARN_UNUSED_VARIABLE = YES;
				IPHONEOS_DEPLOYMENT_TARGET = 15.0;
				MTL_ENABLE_DEBUG_INFO = INCLUDE_SOURCE;
				MTL_FAST_MATH = YES;
				ONLY_ACTIVE_ARCH = YES;
				SDKROOT = iphoneos;
				SWIFT_ACTIVE_COMPILATION_CONDITIONS = DEBUG;
				SWIFT_OPTIMIZATION_LEVEL = "-Onone";
			};
			name = Debug;
		};
		1E30197A2716BBDE00F7A946 /* Release */ = {
			isa = XCBuildConfiguration;
			buildSettings = {
				ALWAYS_SEARCH_USER_PATHS = NO;
				CLANG_ANALYZER_NONNULL = YES;
				CLANG_ANALYZER_NUMBER_OBJECT_CONVERSION = YES_AGGRESSIVE;
				CLANG_CXX_LANGUAGE_STANDARD = "gnu++17";
				CLANG_CXX_LIBRARY = "libc++";
				CLANG_ENABLE_MODULES = YES;
				CLANG_ENABLE_OBJC_ARC = YES;
				CLANG_ENABLE_OBJC_WEAK = YES;
				CLANG_WARN_BLOCK_CAPTURE_AUTORELEASING = YES;
				CLANG_WARN_BOOL_CONVERSION = YES;
				CLANG_WARN_COMMA = YES;
				CLANG_WARN_CONSTANT_CONVERSION = YES;
				CLANG_WARN_DEPRECATED_OBJC_IMPLEMENTATIONS = YES;
				CLANG_WARN_DIRECT_OBJC_ISA_USAGE = YES_ERROR;
				CLANG_WARN_DOCUMENTATION_COMMENTS = YES;
				CLANG_WARN_EMPTY_BODY = YES;
				CLANG_WARN_ENUM_CONVERSION = YES;
				CLANG_WARN_INFINITE_RECURSION = YES;
				CLANG_WARN_INT_CONVERSION = YES;
				CLANG_WARN_NON_LITERAL_NULL_CONVERSION = YES;
				CLANG_WARN_OBJC_IMPLICIT_RETAIN_SELF = YES;
				CLANG_WARN_OBJC_LITERAL_CONVERSION = YES;
				CLANG_WARN_OBJC_ROOT_CLASS = YES_ERROR;
				CLANG_WARN_QUOTED_INCLUDE_IN_FRAMEWORK_HEADER = YES;
				CLANG_WARN_RANGE_LOOP_ANALYSIS = YES;
				CLANG_WARN_STRICT_PROTOTYPES = YES;
				CLANG_WARN_SUSPICIOUS_MOVE = YES;
				CLANG_WARN_UNGUARDED_AVAILABILITY = YES_AGGRESSIVE;
				CLANG_WARN_UNREACHABLE_CODE = YES;
				CLANG_WARN__DUPLICATE_METHOD_MATCH = YES;
				COPY_PHASE_STRIP = NO;
				DEBUG_INFORMATION_FORMAT = "dwarf-with-dsym";
				ENABLE_NS_ASSERTIONS = NO;
				ENABLE_STRICT_OBJC_MSGSEND = YES;
				GCC_C_LANGUAGE_STANDARD = gnu11;
				GCC_NO_COMMON_BLOCKS = YES;
				GCC_WARN_64_TO_32_BIT_CONVERSION = YES;
				GCC_WARN_ABOUT_RETURN_TYPE = YES_ERROR;
				GCC_WARN_UNDECLARED_SELECTOR = YES;
				GCC_WARN_UNINITIALIZED_AUTOS = YES_AGGRESSIVE;
				GCC_WARN_UNUSED_FUNCTION = YES;
				GCC_WARN_UNUSED_VARIABLE = YES;
				IPHONEOS_DEPLOYMENT_TARGET = 15.0;
				MTL_ENABLE_DEBUG_INFO = NO;
				MTL_FAST_MATH = YES;
				SDKROOT = iphoneos;
				SWIFT_COMPILATION_MODE = wholemodule;
				SWIFT_OPTIMIZATION_LEVEL = "-O";
				VALIDATE_PRODUCT = YES;
			};
			name = Release;
		};
		1E30197C2716BBDE00F7A946 /* Debug */ = {
			isa = XCBuildConfiguration;
			buildSettings = {
				ASSETCATALOG_COMPILER_APPICON_NAME = AppIcon;
				ASSETCATALOG_COMPILER_GLOBAL_ACCENT_COLOR_NAME = AccentColor;
				CODE_SIGN_STYLE = Automatic;
				CURRENT_PROJECT_VERSION = 1;
				DEVELOPMENT_TEAM = BMTAM79AVD;
				GENERATE_INFOPLIST_FILE = YES;
				INFOPLIST_FILE = "ToDo App Atheer Alzahrani/Info.plist";
				INFOPLIST_KEY_UIApplicationSupportsIndirectInputEvents = YES;
				INFOPLIST_KEY_UILaunchStoryboardName = LaunchScreen;
				INFOPLIST_KEY_UIMainStoryboardFile = Main;
				INFOPLIST_KEY_UISupportedInterfaceOrientations_iPad = "UIInterfaceOrientationPortrait UIInterfaceOrientationPortraitUpsideDown UIInterfaceOrientationLandscapeLeft UIInterfaceOrientationLandscapeRight";
				INFOPLIST_KEY_UISupportedInterfaceOrientations_iPhone = "UIInterfaceOrientationPortrait UIInterfaceOrientationLandscapeLeft UIInterfaceOrientationLandscapeRight";
				LD_RUNPATH_SEARCH_PATHS = (
					"$(inherited)",
					"@executable_path/Frameworks",
				);
				MARKETING_VERSION = 1.0;
				PRODUCT_BUNDLE_IDENTIFIER = "atheer-alzahrani.ToDo-App-Atheer-Alzahrani";
				PRODUCT_NAME = "$(TARGET_NAME)";
				SWIFT_EMIT_LOC_STRINGS = YES;
				SWIFT_VERSION = 5.0;
				TARGETED_DEVICE_FAMILY = "1,2";
			};
			name = Debug;
		};
		1E30197D2716BBDE00F7A946 /* Release */ = {
			isa = XCBuildConfiguration;
			buildSettings = {
				ASSETCATALOG_COMPILER_APPICON_NAME = AppIcon;
				ASSETCATALOG_COMPILER_GLOBAL_ACCENT_COLOR_NAME = AccentColor;
				CODE_SIGN_STYLE = Automatic;
				CURRENT_PROJECT_VERSION = 1;
				DEVELOPMENT_TEAM = BMTAM79AVD;
				GENERATE_INFOPLIST_FILE = YES;
				INFOPLIST_FILE = "ToDo App Atheer Alzahrani/Info.plist";
				INFOPLIST_KEY_UIApplicationSupportsIndirectInputEvents = YES;
				INFOPLIST_KEY_UILaunchStoryboardName = LaunchScreen;
				INFOPLIST_KEY_UIMainStoryboardFile = Main;
				INFOPLIST_KEY_UISupportedInterfaceOrientations_iPad = "UIInterfaceOrientationPortrait UIInterfaceOrientationPortraitUpsideDown UIInterfaceOrientationLandscapeLeft UIInterfaceOrientationLandscapeRight";
				INFOPLIST_KEY_UISupportedInterfaceOrientations_iPhone = "UIInterfaceOrientationPortrait UIInterfaceOrientationLandscapeLeft UIInterfaceOrientationLandscapeRight";
				LD_RUNPATH_SEARCH_PATHS = (
					"$(inherited)",
					"@executable_path/Frameworks",
				);
				MARKETING_VERSION = 1.0;
				PRODUCT_BUNDLE_IDENTIFIER = "atheer-alzahrani.ToDo-App-Atheer-Alzahrani";
				PRODUCT_NAME = "$(TARGET_NAME)";
				SWIFT_EMIT_LOC_STRINGS = YES;
				SWIFT_VERSION = 5.0;
				TARGETED_DEVICE_FAMILY = "1,2";
			};
			name = Release;
		};
/* End XCBuildConfiguration section */

/* Begin XCConfigurationList section */
		1E3019622716BBD600F7A946 /* Build configuration list for PBXProject "ToDo App Atheer Alzahrani" */ = {
			isa = XCConfigurationList;
			buildConfigurations = (
				1E3019792716BBDE00F7A946 /* Debug */,
				1E30197A2716BBDE00F7A946 /* Release */,
			);
			defaultConfigurationIsVisible = 0;
			defaultConfigurationName = Release;
		};
		1E30197B2716BBDE00F7A946 /* Build configuration list for PBXNativeTarget "ToDo App Atheer Alzahrani" */ = {
			isa = XCConfigurationList;
			buildConfigurations = (
				1E30197C2716BBDE00F7A946 /* Debug */,
				1E30197D2716BBDE00F7A946 /* Release */,
			);
			defaultConfigurationIsVisible = 0;
			defaultConfigurationName = Release;
		};
/* End XCConfigurationList section */
	};
	rootObject = 1E30195F2716BBD600F7A946 /* Project object */;
}
