// !$*UTF8*$!
{
	archiveVersion = 1;
	classes = {
	};
	objectVersion = 50;
	objects = {

/* Begin PBXBuildFile section */
		AE1E0B8A21D327EA00EDCF35 /* AppDelegate.swift in Sources */ = {isa = PBXBuildFile; fileRef = AE1E0B8921D327EA00EDCF35 /* AppDelegate.swift */; };
		AE1E0B8C21D327EA00EDCF35 /* ViewController.swift in Sources */ = {isa = PBXBuildFile; fileRef = AE1E0B8B21D327EA00EDCF35 /* ViewController.swift */; };
		AE1E0B8F21D327EA00EDCF35 /* Main.storyboard in Resources */ = {isa = PBXBuildFile; fileRef = AE1E0B8D21D327EA00EDCF35 /* Main.storyboard */; };
		AE1E0B9121D327EA00EDCF35 /* Assets.xcassets in Resources */ = {isa = PBXBuildFile; fileRef = AE1E0B9021D327EA00EDCF35 /* Assets.xcassets */; };
		AE1E0B9421D327EA00EDCF35 /* LaunchScreen.storyboard in Resources */ = {isa = PBXBuildFile; fileRef = AE1E0B9221D327EA00EDCF35 /* LaunchScreen.storyboard */; };
		AE1E0B9C21D32A8F00EDCF35 /* TodoCell.swift in Sources */ = {isa = PBXBuildFile; fileRef = AE1E0B9B21D32A8F00EDCF35 /* TodoCell.swift */; };
/* End PBXBuildFile section */

/* Begin PBXFileReference section */
		AE1E0B8621D327EA00EDCF35 /* TodoTutorial.app */ = {isa = PBXFileReference; explicitFileType = wrapper.application; includeInIndex = 0; path = TodoTutorial.app; sourceTree = BUILT_PRODUCTS_DIR; };
		AE1E0B8921D327EA00EDCF35 /* AppDelegate.swift */ = {isa = PBXFileReference; lastKnownFileType = sourcecode.swift; path = AppDelegate.swift; sourceTree = "<group>"; };
		AE1E0B8B21D327EA00EDCF35 /* ViewController.swift */ = {isa = PBXFileReference; lastKnownFileType = sourcecode.swift; path = ViewController.swift; sourceTree = "<group>"; };
		AE1E0B8E21D327EA00EDCF35 /* Base */ = {isa = PBXFileReference; lastKnownFileType = file.storyboard; name = Base; path = Base.lproj/Main.storyboard; sourceTree = "<group>"; };
		AE1E0B9021D327EA00EDCF35 /* Assets.xcassets */ = {isa = PBXFileReference; lastKnownFileType = folder.assetcatalog; path = Assets.xcassets; sourceTree = "<group>"; };
		AE1E0B9321D327EA00EDCF35 /* Base */ = {isa = PBXFileReference; lastKnownFileType = file.storyboard; name = Base; path = Base.lproj/LaunchScreen.storyboard; sourceTree = "<group>"; };
		AE1E0B9521D327EA00EDCF35 /* Info.plist */ = {isa = PBXFileReference; lastKnownFileType = text.plist.xml; path = Info.plist; sourceTree = "<group>"; };
		AE1E0B9B21D32A8F00EDCF35 /* TodoCell.swift */ = {isa = PBXFileReference; lastKnownFileType = sourcecode.swift; path = TodoCell.swift; sourceTree = "<group>"; };
/* End PBXFileReference section */

/* Begin PBXFrameworksBuildPhase section */
		AE1E0B8321D327EA00EDCF35 /* Frameworks */ = {
			isa = PBXFrameworksBuildPhase;
			buildActionMask = 2147483647;
			files = (
			);
			runOnlyForDeploymentPostprocessing = 0;
		};
/* End PBXFrameworksBuildPhase section */

/* Begin PBXGroup section */
		AE1E0B7D21D327EA00EDCF35 = {
			isa = PBXGroup;
			children = (
				AE1E0B8821D327EA00EDCF35 /* TodoTutorial */,
				AE1E0B8721D327EA00EDCF35 /* Products */,
			);
			sourceTree = "<group>";
		};
		AE1E0B8721D327EA00EDCF35 /* Products */ = {
			isa = PBXGroup;
			children = (
				AE1E0B8621D327EA00EDCF35 /* TodoTutorial.app */,
			);
			name = Products;
			sourceTree = "<group>";
		};
		AE1E0B8821D327EA00EDCF35 /* TodoTutorial */ = {
			isa = PBXGroup;
			children = (
				AE1E0B8921D327EA00EDCF35 /* AppDelegate.swift */,
				AE1E0B8B21D327EA00EDCF35 /* ViewController.swift */,
				AE1E0B9B21D32A8F00EDCF35 /* TodoCell.swift */,
				AE1E0B8D21D327EA00EDCF35 /* Main.storyboard */,
				AE1E0B9021D327EA00EDCF35 /* Assets.xcassets */,
				AE1E0B9221D327EA00EDCF35 /* LaunchScreen.storyboard */,
				AE1E0B9521D327EA00EDCF35 /* Info.plist */,
			);
			path = TodoTutorial;
			sourceTree = "<group>";
		};
/* End PBXGroup section */

/* Begin PBXNativeTarget section */
		AE1E0B8521D327EA00EDCF35 /* TodoTutorial */ = {
			isa = PBXNativeTarget;
			buildConfigurationList = AE1E0B9821D327EA00EDCF35 /* Build configuration list for PBXNativeTarget "TodoTutorial" */;
			buildPhases = (
				AE1E0B8221D327EA00EDCF35 /* Sources */,
				AE1E0B8321D327EA00EDCF35 /* Frameworks */,
				AE1E0B8421D327EA00EDCF35 /* Resources */,
			);
			buildRules = (
			);
			dependencies = (
			);
			name = TodoTutorial;
			productName = TodoTutorial;
			productReference = AE1E0B8621D327EA00EDCF35 /* TodoTutorial.app */;
			productType = "com.apple.product-type.application";
		};
/* End PBXNativeTarget section */

/* Begin PBXProject section */
		AE1E0B7E21D327EA00EDCF35 /* Project object */ = {
			isa = PBXProject;
			attributes = {
				LastSwiftUpdateCheck = 1010;
				LastUpgradeCheck = 1010;
				ORGANIZATIONNAME = JoeCodes;
				TargetAttributes = {
					AE1E0B8521D327EA00EDCF35 = {
						CreatedOnToolsVersion = 10.1;
					};
				};
			};
			buildConfigurationList = AE1E0B8121D327EA00EDCF35 /* Build configuration list for PBXProject "TodoTutorial" */;
			compatibilityVersion = "Xcode 9.3";
			developmentRegion = en;
			hasScannedForEncodings = 0;
			knownRegions = (
				en,
				Base,
			);
			mainGroup = AE1E0B7D21D327EA00EDCF35;
			productRefGroup = AE1E0B8721D327EA00EDCF35 /* Products */;
			projectDirPath = "";
			projectRoot = "";
			targets = (
				AE1E0B8521D327EA00EDCF35 /* TodoTutorial */,
			);
		};
/* End PBXProject section */

/* Begin PBXResourcesBuildPhase section */
		AE1E0B8421D327EA00EDCF35 /* Resources */ = {
			isa = PBXResourcesBuildPhase;
			buildActionMask = 2147483647;
			files = (
				AE1E0B9421D327EA00EDCF35 /* LaunchScreen.storyboard in Resources */,
				AE1E0B9121D327EA00EDCF35 /* Assets.xcassets in Resources */,
				AE1E0B8F21D327EA00EDCF35 /* Main.storyboard in Resources */,
			);
			runOnlyForDeploymentPostprocessing = 0;
		};
/* End PBXResourcesBuildPhase section */

/* Begin PBXSourcesBuildPhase section */
		AE1E0B8221D327EA00EDCF35 /* Sources */ = {
			isa = PBXSourcesBuildPhase;
			buildActionMask = 2147483647;
			files = (
				AE1E0B8C21D327EA00EDCF35 /* ViewController.swift in Sources */,
				AE1E0B9C21D32A8F00EDCF35 /* TodoCell.swift in Sources */,
				AE1E0B8A21D327EA00EDCF35 /* AppDelegate.swift in Sources */,
			);
			runOnlyForDeploymentPostprocessing = 0;
		};
/* End PBXSourcesBuildPhase section */

/* Begin PBXVariantGroup section */
		AE1E0B8D21D327EA00EDCF35 /* Main.storyboard */ = {
			isa = PBXVariantGroup;
			children = (
				AE1E0B8E21D327EA00EDCF35 /* Base */,
			);
			name = Main.storyboard;
			sourceTree = "<group>";
		};
		AE1E0B9221D327EA00EDCF35 /* LaunchScreen.storyboard */ = {
			isa = PBXVariantGroup;
			children = (
				AE1E0B9321D327EA00EDCF35 /* Base */,
			);
			name = LaunchScreen.storyboard;
			sourceTree = "<group>";
		};
/* End PBXVariantGroup section */

/* Begin XCBuildConfiguration section */
		AE1E0B9621D327EA00EDCF35 /* Debug */ = {
			isa = XCBuildConfiguration;
			buildSettings = {
				ALWAYS_SEARCH_USER_PATHS = NO;
				CLANG_ANALYZER_NONNULL = YES;
				CLANG_ANALYZER_NUMBER_OBJECT_CONVERSION = YES_AGGRESSIVE;
				CLANG_CXX_LANGUAGE_STANDARD = "gnu++14";
				CLANG_CXX_LIBRARY = "libc++";
				CLANG_ENABLE_MODULES = YES;
				CLANG_ENABLE_OBJC_ARC = YES;
				CLANG_ENABLE_OBJC_WEAK = YES;
				CLANG_WARN_BLOCK_CAPTURE_AUTORELEASING = YES;
				CLANG_WARN_BOOL_CONVERSION = YES;
				CLANG_WARN_COMMA = YES;
				CLANG_WARN_CONSTANT_CONVERSION = YES;
				CLANG_WARN_DEPRECATED_OBJC_IMPLEMENTATIONS = YES;
				CLANG_WARN_DIRECT_OBJC_ISA_USAGE = YES_ERROR;
				CLANG_WARN_DOCUMENTATION_COMMENTS = YES;
				CLANG_WARN_EMPTY_BODY = YES;
				CLANG_WARN_ENUM_CONVERSION = YES;
				CLANG_WARN_INFINITE_RECURSION = YES;
				CLANG_WARN_INT_CONVERSION = YES;
				CLANG_WARN_NON_LITERAL_NULL_CONVERSION = YES;
				CLANG_WARN_OBJC_IMPLICIT_RETAIN_SELF = YES;
				CLANG_WARN_OBJC_LITERAL_CONVERSION = YES;
				CLANG_WARN_OBJC_ROOT_CLASS = YES_ERROR;
				CLANG_WARN_RANGE_LOOP_ANALYSIS = YES;
				CLANG_WARN_STRICT_PROTOTYPES = YES;
				CLANG_WARN_SUSPICIOUS_MOVE = YES;
				CLANG_WARN_UNGUARDED_AVAILABILITY = YES_AGGRESSIVE;
				CLANG_WARN_UNREACHABLE_CODE = YES;
				CLANG_WARN__DUPLICATE_METHOD_MATCH = YES;
				CODE_SIGN_IDENTITY = "iPhone Developer";
				COPY_PHASE_STRIP = NO;
				DEBUG_INFORMATION_FORMAT = dwarf;
				ENABLE_STRICT_OBJC_MSGSEND = YES;
				ENABLE_TESTABILITY = YES;
				GCC_C_LANGUAGE_STANDARD = gnu11;
				GCC_DYNAMIC_NO_PIC = NO;
				GCC_NO_COMMON_BLOCKS = YES;
				GCC_OPTIMIZATION_LEVEL = 0;
				GCC_PREPROCESSOR_DEFINITIONS = (
					"DEBUG=1",
					"$(inherited)",
				);
				GCC_WARN_64_TO_32_BIT_CONVERSION = YES;
				GCC_WARN_ABOUT_RETURN_TYPE = YES_ERROR;
				GCC_WARN_UNDECLARED_SELECTOR = YES;
				GCC_WARN_UNINITIALIZED_AUTOS = YES_AGGRESSIVE;
				GCC_WARN_UNUSED_FUNCTION = YES;
				GCC_WARN_UNUSED_VARIABLE = YES;
				IPHONEOS_DEPLOYMENT_TARGET = 12.1;
				MTL_ENABLE_DEBUG_INFO = INCLUDE_SOURCE;
				MTL_FAST_MATH = YES;
				ONLY_ACTIVE_ARCH = YES;
				SDKROOT = iphoneos;
				SWIFT_ACTIVE_COMPILATION_CONDITIONS = DEBUG;
				SWIFT_OPTIMIZATION_LEVEL = "-Onone";
			};
			name = Debug;
		};
		AE1E0B9721D327EA00EDCF35 /* Release */ = {
			isa = XCBuildConfiguration;
			buildSettings = {
				ALWAYS_SEARCH_USER_PATHS = NO;
				CLANG_ANALYZER_NONNULL = YES;
				CLANG_ANALYZER_NUMBER_OBJECT_CONVERSION = YES_AGGRESSIVE;
				CLANG_CXX_LANGUAGE_STANDARD = "gnu++14";
				CLANG_CXX_LIBRARY = "libc++";
				CLANG_ENABLE_MODULES = YES;
				CLANG_ENABLE_OBJC_ARC = YES;
				CLANG_ENABLE_OBJC_WEAK = YES;
				CLANG_WARN_BLOCK_CAPTURE_AUTORELEASING = YES;
				CLANG_WARN_BOOL_CONVERSION = YES;
				CLANG_WARN_COMMA = YES;
				CLANG_WARN_CONSTANT_CONVERSION = YES;
				CLANG_WARN_DEPRECATED_OBJC_IMPLEMENTATIONS = YES;
				CLANG_WARN_DIRECT_OBJC_ISA_USAGE = YES_ERROR;
				CLANG_WARN_DOCUMENTATION_COMMENTS = YES;
				CLANG_WARN_EMPTY_BODY = YES;
				CLANG_WARN_ENUM_CONVERSION = YES;
				CLANG_WARN_INFINITE_RECURSION = YES;
				CLANG_WARN_INT_CONVERSION = YES;
				CLANG_WARN_NON_LITERAL_NULL_CONVERSION = YES;
				CLANG_WARN_OBJC_IMPLICIT_RETAIN_SELF = YES;
				CLANG_WARN_OBJC_LITERAL_CONVERSION = YES;
				CLANG_WARN_OBJC_ROOT_CLASS = YES_ERROR;
				CLANG_WARN_RANGE_LOOP_ANALYSIS = YES;
				CLANG_WARN_STRICT_PROTOTYPES = YES;
				CLANG_WARN_SUSPICIOUS_MOVE = YES;
				CLANG_WARN_UNGUARDED_AVAILABILITY = YES_AGGRESSIVE;
				CLANG_WARN_UNREACHABLE_CODE = YES;
				CLANG_WARN__DUPLICATE_METHOD_MATCH = YES;
				CODE_SIGN_IDENTITY = "iPhone Developer";
				COPY_PHASE_STRIP = NO;
				DEBUG_INFORMATION_FORMAT = "dwarf-with-dsym";
				ENABLE_NS_ASSERTIONS = NO;
				ENABLE_STRICT_OBJC_MSGSEND = YES;
				GCC_C_LANGUAGE_STANDARD = gnu11;
				GCC_NO_COMMON_BLOCKS = YES;
				GCC_WARN_64_TO_32_BIT_CONVERSION = YES;
				GCC_WARN_ABOUT_RETURN_TYPE = YES_ERROR;
				GCC_WARN_UNDECLARED_SELECTOR = YES;
				GCC_WARN_UNINITIALIZED_AUTOS = YES_AGGRESSIVE;
				GCC_WARN_UNUSED_FUNCTION = YES;
				GCC_WARN_UNUSED_VARIABLE = YES;
				IPHONEOS_DEPLOYMENT_TARGET = 12.1;
				MTL_ENABLE_DEBUG_INFO = NO;
				MTL_FAST_MATH = YES;
				SDKROOT = iphoneos;
				SWIFT_COMPILATION_MODE = wholemodule;
				SWIFT_OPTIMIZATION_LEVEL = "-O";
				VALIDATE_PRODUCT = YES;
			};
			name = Release;
		};
		AE1E0B9921D327EA00EDCF35 /* Debug */ = {
			isa = XCBuildConfiguration;
			buildSettings = {
				ASSETCATALOG_COMPILER_APPICON_NAME = AppIcon;
				CODE_SIGN_STYLE = Automatic;
				INFOPLIST_FILE = TodoTutorial/Info.plist;
				LD_RUNPATH_SEARCH_PATHS = (
					"$(inherited)",
					"@executable_path/Frameworks",
				);
				PRODUCT_BUNDLE_IDENTIFIER = com.JoeCode.Todo.TodoTutorial;
				PRODUCT_NAME = "$(TARGET_NAME)";
				SWIFT_VERSION = 4.2;
				TARGETED_DEVICE_FAMILY = "1,2";
			};
			name = Debug;
		};
		AE1E0B9A21D327EA00EDCF35 /* Release */ = {
			isa = XCBuildConfiguration;
			buildSettings = {
				ASSETCATALOG_COMPILER_APPICON_NAME = AppIcon;
				CODE_SIGN_STYLE = Automatic;
				INFOPLIST_FILE = TodoTutorial/Info.plist;
				LD_RUNPATH_SEARCH_PATHS = (
					"$(inherited)",
					"@executable_path/Frameworks",
				);
				PRODUCT_BUNDLE_IDENTIFIER = com.JoeCode.Todo.TodoTutorial;
				PRODUCT_NAME = "$(TARGET_NAME)";
				SWIFT_VERSION = 4.2;
				TARGETED_DEVICE_FAMILY = "1,2";
			};
			name = Release;
		};
/* End XCBuildConfiguration section */

/* Begin XCConfigurationList section */
		AE1E0B8121D327EA00EDCF35 /* Build configuration list for PBXProject "TodoTutorial" */ = {
			isa = XCConfigurationList;
			buildConfigurations = (
				AE1E0B9621D327EA00EDCF35 /* Debug */,
				AE1E0B9721D327EA00EDCF35 /* Release */,
			);
			defaultConfigurationIsVisible = 0;
			defaultConfigurationName = Release;
		};
		AE1E0B9821D327EA00EDCF35 /* Build configuration list for PBXNativeTarget "TodoTutorial" */ = {
			isa = XCConfigurationList;
			buildConfigurations = (
				AE1E0B9921D327EA00EDCF35 /* Debug */,
				AE1E0B9A21D327EA00EDCF35 /* Release */,
			);
			defaultConfigurationIsVisible = 0;
			defaultConfigurationName = Release;
		};
/* End XCConfigurationList section */
	};
	rootObject = AE1E0B7E21D327EA00EDCF35 /* Project object */;
}
