// !$*UTF8*$!
{
	archiveVersion = 1;
	classes = {
	};
	objectVersion = 55;
	objects = {

/* Begin PBXBuildFile section */
		DBCE4DCD271729E2001EB8BD /* AppDelegate.swift in Sources */ = {isa = PBXBuildFile; fileRef = DBCE4DCC271729E2001EB8BD /* AppDelegate.swift */; };
		DBCE4DCF271729E2001EB8BD /* SceneDelegate.swift in Sources */ = {isa = PBXBuildFile; fileRef = DBCE4DCE271729E2001EB8BD /* SceneDelegate.swift */; };
		DBCE4DD1271729E2001EB8BD /* ViewController.swift in Sources */ = {isa = PBXBuildFile; fileRef = DBCE4DD0271729E2001EB8BD /* ViewController.swift */; };
		DBCE4DD4271729E2001EB8BD /* Main.storyboard in Resources */ = {isa = PBXBuildFile; fileRef = DBCE4DD2271729E2001EB8BD /* Main.storyboard */; };
		DBCE4DD6271729E3001EB8BD /* Assets.xcassets in Resources */ = {isa = PBXBuildFile; fileRef = DBCE4DD5271729E3001EB8BD /* Assets.xcassets */; };
		DBCE4DD9271729E3001EB8BD /* LaunchScreen.storyboard in Resources */ = {isa = PBXBuildFile; fileRef = DBCE4DD7271729E3001EB8BD /* LaunchScreen.storyboard */; };
		DBCE4DE127172C48001EB8BD /* cell.swift in Sources */ = {isa = PBXBuildFile; fileRef = DBCE4DE027172C48001EB8BD /* cell.swift */; };
/* End PBXBuildFile section */

/* Begin PBXFileReference section */
		DBCE4DC9271729E2001EB8BD /* day 14 (2).app */ = {isa = PBXFileReference; explicitFileType = wrapper.application; includeInIndex = 0; path = "day 14 (2).app"; sourceTree = BUILT_PRODUCTS_DIR; };
		DBCE4DCC271729E2001EB8BD /* AppDelegate.swift */ = {isa = PBXFileReference; lastKnownFileType = sourcecode.swift; path = AppDelegate.swift; sourceTree = "<group>"; };
		DBCE4DCE271729E2001EB8BD /* SceneDelegate.swift */ = {isa = PBXFileReference; lastKnownFileType = sourcecode.swift; path = SceneDelegate.swift; sourceTree = "<group>"; };
		DBCE4DD0271729E2001EB8BD /* ViewController.swift */ = {isa = PBXFileReference; lastKnownFileType = sourcecode.swift; path = ViewController.swift; sourceTree = "<group>"; };
		DBCE4DD3271729E2001EB8BD /* Base */ = {isa = PBXFileReference; lastKnownFileType = file.storyboard; name = Base; path = Base.lproj/Main.storyboard; sourceTree = "<group>"; };
		DBCE4DD5271729E3001EB8BD /* Assets.xcassets */ = {isa = PBXFileReference; lastKnownFileType = folder.assetcatalog; path = Assets.xcassets; sourceTree = "<group>"; };
		DBCE4DD8271729E3001EB8BD /* Base */ = {isa = PBXFileReference; lastKnownFileType = file.storyboard; name = Base; path = Base.lproj/LaunchScreen.storyboard; sourceTree = "<group>"; };
		DBCE4DDA271729E3001EB8BD /* Info.plist */ = {isa = PBXFileReference; lastKnownFileType = text.plist.xml; path = Info.plist; sourceTree = "<group>"; };
		DBCE4DE027172C48001EB8BD /* cell.swift */ = {isa = PBXFileReference; lastKnownFileType = sourcecode.swift; path = cell.swift; sourceTree = "<group>"; };
/* End PBXFileReference section */

/* Begin PBXFrameworksBuildPhase section */
		DBCE4DC6271729E2001EB8BD /* Frameworks */ = {
			isa = PBXFrameworksBuildPhase;
			buildActionMask = 2147483647;
			files = (
			);
			runOnlyForDeploymentPostprocessing = 0;
		};
/* End PBXFrameworksBuildPhase section */

/* Begin PBXGroup section */
		DBCE4DC0271729E2001EB8BD = {
			isa = PBXGroup;
			children = (
				DBCE4DCB271729E2001EB8BD /* day 14 (2) */,
				DBCE4DCA271729E2001EB8BD /* Products */,
			);
			sourceTree = "<group>";
		};
		DBCE4DCA271729E2001EB8BD /* Products */ = {
			isa = PBXGroup;
			children = (
				DBCE4DC9271729E2001EB8BD /* day 14 (2).app */,
			);
			name = Products;
			sourceTree = "<group>";
		};
		DBCE4DCB271729E2001EB8BD /* day 14 (2) */ = {
			isa = PBXGroup;
			children = (
				DBCE4DCC271729E2001EB8BD /* AppDelegate.swift */,
				DBCE4DCE271729E2001EB8BD /* SceneDelegate.swift */,
				DBCE4DD0271729E2001EB8BD /* ViewController.swift */,
				DBCE4DE027172C48001EB8BD /* cell.swift */,
				DBCE4DD2271729E2001EB8BD /* Main.storyboard */,
				DBCE4DD5271729E3001EB8BD /* Assets.xcassets */,
				DBCE4DD7271729E3001EB8BD /* LaunchScreen.storyboard */,
				DBCE4DDA271729E3001EB8BD /* Info.plist */,
			);
			path = "day 14 (2)";
			sourceTree = "<group>";
		};
/* End PBXGroup section */

/* Begin PBXNativeTarget section */
		DBCE4DC8271729E2001EB8BD /* day 14 (2) */ = {
			isa = PBXNativeTarget;
			buildConfigurationList = DBCE4DDD271729E3001EB8BD /* Build configuration list for PBXNativeTarget "day 14 (2)" */;
			buildPhases = (
				DBCE4DC5271729E2001EB8BD /* Sources */,
				DBCE4DC6271729E2001EB8BD /* Frameworks */,
				DBCE4DC7271729E2001EB8BD /* Resources */,
			);
			buildRules = (
			);
			dependencies = (
			);
			name = "day 14 (2)";
			productName = "day 14 (2)";
			productReference = DBCE4DC9271729E2001EB8BD /* day 14 (2).app */;
			productType = "com.apple.product-type.application";
		};
/* End PBXNativeTarget section */

/* Begin PBXProject section */
		DBCE4DC1271729E2001EB8BD /* Project object */ = {
			isa = PBXProject;
			attributes = {
				BuildIndependentTargetsInParallel = 1;
				LastSwiftUpdateCheck = 1300;
				LastUpgradeCheck = 1300;
				TargetAttributes = {
					DBCE4DC8271729E2001EB8BD = {
						CreatedOnToolsVersion = 13.0;
					};
				};
			};
			buildConfigurationList = DBCE4DC4271729E2001EB8BD /* Build configuration list for PBXProject "day 14 (2)" */;
			compatibilityVersion = "Xcode 13.0";
			developmentRegion = en;
			hasScannedForEncodings = 0;
			knownRegions = (
				en,
				Base,
			);
			mainGroup = DBCE4DC0271729E2001EB8BD;
			productRefGroup = DBCE4DCA271729E2001EB8BD /* Products */;
			projectDirPath = "";
			projectRoot = "";
			targets = (
				DBCE4DC8271729E2001EB8BD /* day 14 (2) */,
			);
		};
/* End PBXProject section */

/* Begin PBXResourcesBuildPhase section */
		DBCE4DC7271729E2001EB8BD /* Resources */ = {
			isa = PBXResourcesBuildPhase;
			buildActionMask = 2147483647;
			files = (
				DBCE4DD9271729E3001EB8BD /* LaunchScreen.storyboard in Resources */,
				DBCE4DD6271729E3001EB8BD /* Assets.xcassets in Resources */,
				DBCE4DD4271729E2001EB8BD /* Main.storyboard in Resources */,
			);
			runOnlyForDeploymentPostprocessing = 0;
		};
/* End PBXResourcesBuildPhase section */

/* Begin PBXSourcesBuildPhase section */
		DBCE4DC5271729E2001EB8BD /* Sources */ = {
			isa = PBXSourcesBuildPhase;
			buildActionMask = 2147483647;
			files = (
				DBCE4DD1271729E2001EB8BD /* ViewController.swift in Sources */,
				DBCE4DE127172C48001EB8BD /* cell.swift in Sources */,
				DBCE4DCD271729E2001EB8BD /* AppDelegate.swift in Sources */,
				DBCE4DCF271729E2001EB8BD /* SceneDelegate.swift in Sources */,
			);
			runOnlyForDeploymentPostprocessing = 0;
		};
/* End PBXSourcesBuildPhase section */

/* Begin PBXVariantGroup section */
		DBCE4DD2271729E2001EB8BD /* Main.storyboard */ = {
			isa = PBXVariantGroup;
			children = (
				DBCE4DD3271729E2001EB8BD /* Base */,
			);
			name = Main.storyboard;
			sourceTree = "<group>";
		};
		DBCE4DD7271729E3001EB8BD /* LaunchScreen.storyboard */ = {
			isa = PBXVariantGroup;
			children = (
				DBCE4DD8271729E3001EB8BD /* Base */,
			);
			name = LaunchScreen.storyboard;
			sourceTree = "<group>";
		};
/* End PBXVariantGroup section */

/* Begin XCBuildConfiguration section */
		DBCE4DDB271729E3001EB8BD /* Debug */ = {
			isa = XCBuildConfiguration;
			buildSettings = {
				ALWAYS_SEARCH_USER_PATHS = NO;
				CLANG_ANALYZER_NONNULL = YES;
				CLANG_ANALYZER_NUMBER_OBJECT_CONVERSION = YES_AGGRESSIVE;
				CLANG_CXX_LANGUAGE_STANDARD = "gnu++17";
				CLANG_CXX_LIBRARY = "libc++";
				CLANG_ENABLE_MODULES = YES;
				CLANG_ENABLE_OBJC_ARC = YES;
				CLANG_ENABLE_OBJC_WEAK = YES;
				CLANG_WARN_BLOCK_CAPTURE_AUTORELEASING = YES;
				CLANG_WARN_BOOL_CONVERSION = YES;
				CLANG_WARN_COMMA = YES;
				CLANG_WARN_CONSTANT_CONVERSION = YES;
				CLANG_WARN_DEPRECATED_OBJC_IMPLEMENTATIONS = YES;
				CLANG_WARN_DIRECT_OBJC_ISA_USAGE = YES_ERROR;
				CLANG_WARN_DOCUMENTATION_COMMENTS = YES;
				CLANG_WARN_EMPTY_BODY = YES;
				CLANG_WARN_ENUM_CONVERSION = YES;
				CLANG_WARN_INFINITE_RECURSION = YES;
				CLANG_WARN_INT_CONVERSION = YES;
				CLANG_WARN_NON_LITERAL_NULL_CONVERSION = YES;
				CLANG_WARN_OBJC_IMPLICIT_RETAIN_SELF = YES;
				CLANG_WARN_OBJC_LITERAL_CONVERSION = YES;
				CLANG_WARN_OBJC_ROOT_CLASS = YES_ERROR;
				CLANG_WARN_QUOTED_INCLUDE_IN_FRAMEWORK_HEADER = YES;
				CLANG_WARN_RANGE_LOOP_ANALYSIS = YES;
				CLANG_WARN_STRICT_PROTOTYPES = YES;
				CLANG_WARN_SUSPICIOUS_MOVE = YES;
				CLANG_WARN_UNGUARDED_AVAILABILITY = YES_AGGRESSIVE;
				CLANG_WARN_UNREACHABLE_CODE = YES;
				CLANG_WARN__DUPLICATE_METHOD_MATCH = YES;
				COPY_PHASE_STRIP = NO;
				DEBUG_INFORMATION_FORMAT = dwarf;
				ENABLE_STRICT_OBJC_MSGSEND = YES;
				ENABLE_TESTABILITY = YES;
				GCC_C_LANGUAGE_STANDARD = gnu11;
				GCC_DYNAMIC_NO_PIC = NO;
				GCC_NO_COMMON_BLOCKS = YES;
				GCC_OPTIMIZATION_LEVEL = 0;
				GCC_PREPROCESSOR_DEFINITIONS = (
					"DEBUG=1",
					"$(inherited)",
				);
				GCC_WARN_64_TO_32_BIT_CONVERSION = YES;
				GCC_WARN_ABOUT_RETURN_TYPE = YES_ERROR;
				GCC_WARN_UNDECLARED_SELECTOR = YES;
				GCC_WARN_UNINITIALIZED_AUTOS = YES_AGGRESSIVE;
				GCC_WARN_UNUSED_FUNCTION = YES;
				GCC_WARN_UNUSED_VARIABLE = YES;
				IPHONEOS_DEPLOYMENT_TARGET = 15.0;
				MTL_ENABLE_DEBUG_INFO = INCLUDE_SOURCE;
				MTL_FAST_MATH = YES;
				ONLY_ACTIVE_ARCH = YES;
				SDKROOT = iphoneos;
				SWIFT_ACTIVE_COMPILATION_CONDITIONS = DEBUG;
				SWIFT_OPTIMIZATION_LEVEL = "-Onone";
			};
			name = Debug;
		};
		DBCE4DDC271729E3001EB8BD /* Release */ = {
			isa = XCBuildConfiguration;
			buildSettings = {
				ALWAYS_SEARCH_USER_PATHS = NO;
				CLANG_ANALYZER_NONNULL = YES;
				CLANG_ANALYZER_NUMBER_OBJECT_CONVERSION = YES_AGGRESSIVE;
				CLANG_CXX_LANGUAGE_STANDARD = "gnu++17";
				CLANG_CXX_LIBRARY = "libc++";
				CLANG_ENABLE_MODULES = YES;
				CLANG_ENABLE_OBJC_ARC = YES;
				CLANG_ENABLE_OBJC_WEAK = YES;
				CLANG_WARN_BLOCK_CAPTURE_AUTORELEASING = YES;
				CLANG_WARN_BOOL_CONVERSION = YES;
				CLANG_WARN_COMMA = YES;
				CLANG_WARN_CONSTANT_CONVERSION = YES;
				CLANG_WARN_DEPRECATED_OBJC_IMPLEMENTATIONS = YES;
				CLANG_WARN_DIRECT_OBJC_ISA_USAGE = YES_ERROR;
				CLANG_WARN_DOCUMENTATION_COMMENTS = YES;
				CLANG_WARN_EMPTY_BODY = YES;
				CLANG_WARN_ENUM_CONVERSION = YES;
				CLANG_WARN_INFINITE_RECURSION = YES;
				CLANG_WARN_INT_CONVERSION = YES;
				CLANG_WARN_NON_LITERAL_NULL_CONVERSION = YES;
				CLANG_WARN_OBJC_IMPLICIT_RETAIN_SELF = YES;
				CLANG_WARN_OBJC_LITERAL_CONVERSION = YES;
				CLANG_WARN_OBJC_ROOT_CLASS = YES_ERROR;
				CLANG_WARN_QUOTED_INCLUDE_IN_FRAMEWORK_HEADER = YES;
				CLANG_WARN_RANGE_LOOP_ANALYSIS = YES;
				CLANG_WARN_STRICT_PROTOTYPES = YES;
				CLANG_WARN_SUSPICIOUS_MOVE = YES;
				CLANG_WARN_UNGUARDED_AVAILABILITY = YES_AGGRESSIVE;
				CLANG_WARN_UNREACHABLE_CODE = YES;
				CLANG_WARN__DUPLICATE_METHOD_MATCH = YES;
				COPY_PHASE_STRIP = NO;
				DEBUG_INFORMATION_FORMAT = "dwarf-with-dsym";
				ENABLE_NS_ASSERTIONS = NO;
				ENABLE_STRICT_OBJC_MSGSEND = YES;
				GCC_C_LANGUAGE_STANDARD = gnu11;
				GCC_NO_COMMON_BLOCKS = YES;
				GCC_WARN_64_TO_32_BIT_CONVERSION = YES;
				GCC_WARN_ABOUT_RETURN_TYPE = YES_ERROR;
				GCC_WARN_UNDECLARED_SELECTOR = YES;
				GCC_WARN_UNINITIALIZED_AUTOS = YES_AGGRESSIVE;
				GCC_WARN_UNUSED_FUNCTION = YES;
				GCC_WARN_UNUSED_VARIABLE = YES;
				IPHONEOS_DEPLOYMENT_TARGET = 15.0;
				MTL_ENABLE_DEBUG_INFO = NO;
				MTL_FAST_MATH = YES;
				SDKROOT = iphoneos;
				SWIFT_COMPILATION_MODE = wholemodule;
				SWIFT_OPTIMIZATION_LEVEL = "-O";
				VALIDATE_PRODUCT = YES;
			};
			name = Release;
		};
		DBCE4DDE271729E3001EB8BD /* Debug */ = {
			isa = XCBuildConfiguration;
			buildSettings = {
				ASSETCATALOG_COMPILER_APPICON_NAME = AppIcon;
				ASSETCATALOG_COMPILER_GLOBAL_ACCENT_COLOR_NAME = AccentColor;
				CODE_SIGN_STYLE = Automatic;
				CURRENT_PROJECT_VERSION = 1;
				DEVELOPMENT_TEAM = DZVBLG3322;
				GENERATE_INFOPLIST_FILE = YES;
				INFOPLIST_FILE = "day 14 (2)/Info.plist";
				INFOPLIST_KEY_UIApplicationSupportsIndirectInputEvents = YES;
				INFOPLIST_KEY_UILaunchStoryboardName = LaunchScreen;
				INFOPLIST_KEY_UIMainStoryboardFile = Main;
				INFOPLIST_KEY_UISupportedInterfaceOrientations_iPad = "UIInterfaceOrientationPortrait UIInterfaceOrientationPortraitUpsideDown UIInterfaceOrientationLandscapeLeft UIInterfaceOrientationLandscapeRight";
				INFOPLIST_KEY_UISupportedInterfaceOrientations_iPhone = "UIInterfaceOrientationPortrait UIInterfaceOrientationLandscapeLeft UIInterfaceOrientationLandscapeRight";
				LD_RUNPATH_SEARCH_PATHS = (
					"$(inherited)",
					"@executable_path/Frameworks",
				);
				MARKETING_VERSION = 1.0;
				PRODUCT_BUNDLE_IDENTIFIER = "alanood.com.day-14--2-";
				PRODUCT_NAME = "$(TARGET_NAME)";
				SWIFT_EMIT_LOC_STRINGS = YES;
				SWIFT_VERSION = 5.0;
				TARGETED_DEVICE_FAMILY = "1,2";
			};
			name = Debug;
		};
		DBCE4DDF271729E3001EB8BD /* Release */ = {
			isa = XCBuildConfiguration;
			buildSettings = {
				ASSETCATALOG_COMPILER_APPICON_NAME = AppIcon;
				ASSETCATALOG_COMPILER_GLOBAL_ACCENT_COLOR_NAME = AccentColor;
				CODE_SIGN_STYLE = Automatic;
				CURRENT_PROJECT_VERSION = 1;
				DEVELOPMENT_TEAM = DZVBLG3322;
				GENERATE_INFOPLIST_FILE = YES;
				INFOPLIST_FILE = "day 14 (2)/Info.plist";
				INFOPLIST_KEY_UIApplicationSupportsIndirectInputEvents = YES;
				INFOPLIST_KEY_UILaunchStoryboardName = LaunchScreen;
				INFOPLIST_KEY_UIMainStoryboardFile = Main;
				INFOPLIST_KEY_UISupportedInterfaceOrientations_iPad = "UIInterfaceOrientationPortrait UIInterfaceOrientationPortraitUpsideDown UIInterfaceOrientationLandscapeLeft UIInterfaceOrientationLandscapeRight";
				INFOPLIST_KEY_UISupportedInterfaceOrientations_iPhone = "UIInterfaceOrientationPortrait UIInterfaceOrientationLandscapeLeft UIInterfaceOrientationLandscapeRight";
				LD_RUNPATH_SEARCH_PATHS = (
					"$(inherited)",
					"@executable_path/Frameworks",
				);
				MARKETING_VERSION = 1.0;
				PRODUCT_BUNDLE_IDENTIFIER = "alanood.com.day-14--2-";
				PRODUCT_NAME = "$(TARGET_NAME)";
				SWIFT_EMIT_LOC_STRINGS = YES;
				SWIFT_VERSION = 5.0;
				TARGETED_DEVICE_FAMILY = "1,2";
			};
			name = Release;
		};
/* End XCBuildConfiguration section */

/* Begin XCConfigurationList section */
		DBCE4DC4271729E2001EB8BD /* Build configuration list for PBXProject "day 14 (2)" */ = {
			isa = XCConfigurationList;
			buildConfigurations = (
				DBCE4DDB271729E3001EB8BD /* Debug */,
				DBCE4DDC271729E3001EB8BD /* Release */,
			);
			defaultConfigurationIsVisible = 0;
			defaultConfigurationName = Release;
		};
		DBCE4DDD271729E3001EB8BD /* Build configuration list for PBXNativeTarget "day 14 (2)" */ = {
			isa = XCConfigurationList;
			buildConfigurations = (
				DBCE4DDE271729E3001EB8BD /* Debug */,
				DBCE4DDF271729E3001EB8BD /* Release */,
			);
			defaultConfigurationIsVisible = 0;
			defaultConfigurationName = Release;
		};
/* End XCConfigurationList section */
	};
	rootObject = DBCE4DC1271729E2001EB8BD /* Project object */;
}
